// !$*UTF8*$!
{
	archiveVersion = 1;
	classes = {
	};
	objectVersion = 51;
	objects = {

/* Begin PBXBuildFile section */
		39BFEBADDCE709C40BAED61E /* Pods_MparkMobilParkolas_IOS.framework in Frameworks */ = {isa = PBXBuildFile; fileRef = FA800EB84B306F10D0983964 /* Pods_MparkMobilParkolas_IOS.framework */; };
		843652DB242EB6EE003D48EC /* RegistrationResponse.swift in Sources */ = {isa = PBXBuildFile; fileRef = 843652DA242EB6EE003D48EC /* RegistrationResponse.swift */; };
		845B10CE2433E2FD0041B1F9 /* ParkingController.swift in Sources */ = {isa = PBXBuildFile; fileRef = 845B10CD2433E2FD0041B1F9 /* ParkingController.swift */; };
		845B10D02433E3200041B1F9 /* ParkingService.swift in Sources */ = {isa = PBXBuildFile; fileRef = 845B10CF2433E3200041B1F9 /* ParkingService.swift */; };
		846F965A24295A1500936977 /* AppDelegate.swift in Sources */ = {isa = PBXBuildFile; fileRef = 846F965924295A1500936977 /* AppDelegate.swift */; };
		846F965C24295A1500936977 /* SceneDelegate.swift in Sources */ = {isa = PBXBuildFile; fileRef = 846F965B24295A1500936977 /* SceneDelegate.swift */; };
		846F965E24295A1500936977 /* ViewController.swift in Sources */ = {isa = PBXBuildFile; fileRef = 846F965D24295A1500936977 /* ViewController.swift */; };
		846F966124295A1500936977 /* Main.storyboard in Resources */ = {isa = PBXBuildFile; fileRef = 846F965F24295A1500936977 /* Main.storyboard */; };
		846F966324295A1600936977 /* Assets.xcassets in Resources */ = {isa = PBXBuildFile; fileRef = 846F966224295A1600936977 /* Assets.xcassets */; };
		846F966624295A1600936977 /* LaunchScreen.storyboard in Resources */ = {isa = PBXBuildFile; fileRef = 846F966424295A1600936977 /* LaunchScreen.storyboard */; };
		8471AB36242D5645000AE9E2 /* RegistrationService.swift in Sources */ = {isa = PBXBuildFile; fileRef = 8471AB35242D5645000AE9E2 /* RegistrationService.swift */; };
		84BA2CFF24353CD100823625 /* TabBarController.swift in Sources */ = {isa = PBXBuildFile; fileRef = 84BA2CFE24353CD100823625 /* TabBarController.swift */; };
		84EBE08E243686FA0008369A /* AlertController.swift in Sources */ = {isa = PBXBuildFile; fileRef = 84EBE08C243686FA0008369A /* AlertController.swift */; };
		84EBE08F243686FA0008369A /* AlertController.xib in Resources */ = {isa = PBXBuildFile; fileRef = 84EBE08D243686FA0008369A /* AlertController.xib */; };
		84F34166242A9E4200B1B50E /* Avenir Next.ttc in Resources */ = {isa = PBXBuildFile; fileRef = 84F34165242A9DD700B1B50E /* Avenir Next.ttc */; };
		84F3416C242AAD3000B1B50E /* Utils.swift in Sources */ = {isa = PBXBuildFile; fileRef = 84F3416B242AAD3000B1B50E /* Utils.swift */; };
		84F3416E242AAD4400B1B50E /* Konstans.swift in Sources */ = {isa = PBXBuildFile; fileRef = 84F3416D242AAD4400B1B50E /* Konstans.swift */; };
		84F34170242AB19500B1B50E /* RegistrationController.swift in Sources */ = {isa = PBXBuildFile; fileRef = 84F3416F242AB19500B1B50E /* RegistrationController.swift */; };
		84F34172242AB87400B1B50E /* Reachability.swift in Sources */ = {isa = PBXBuildFile; fileRef = 84F34171242AB87400B1B50E /* Reachability.swift */; };
/* End PBXBuildFile section */

/* Begin PBXFileReference section */
		843652DA242EB6EE003D48EC /* RegistrationResponse.swift */ = {isa = PBXFileReference; lastKnownFileType = sourcecode.swift; path = RegistrationResponse.swift; sourceTree = "<group>"; };
		845B10CD2433E2FD0041B1F9 /* ParkingController.swift */ = {isa = PBXFileReference; lastKnownFileType = sourcecode.swift; path = ParkingController.swift; sourceTree = "<group>"; };
		845B10CF2433E3200041B1F9 /* ParkingService.swift */ = {isa = PBXFileReference; lastKnownFileType = sourcecode.swift; path = ParkingService.swift; sourceTree = "<group>"; };
		846F965624295A1500936977 /* MparkMobilParkolas_IOS.app */ = {isa = PBXFileReference; explicitFileType = wrapper.application; includeInIndex = 0; path = MparkMobilParkolas_IOS.app; sourceTree = BUILT_PRODUCTS_DIR; };
		846F965924295A1500936977 /* AppDelegate.swift */ = {isa = PBXFileReference; lastKnownFileType = sourcecode.swift; path = AppDelegate.swift; sourceTree = "<group>"; };
		846F965B24295A1500936977 /* SceneDelegate.swift */ = {isa = PBXFileReference; lastKnownFileType = sourcecode.swift; path = SceneDelegate.swift; sourceTree = "<group>"; };
		846F965D24295A1500936977 /* ViewController.swift */ = {isa = PBXFileReference; lastKnownFileType = sourcecode.swift; path = ViewController.swift; sourceTree = "<group>"; };
		846F966024295A1500936977 /* Base */ = {isa = PBXFileReference; lastKnownFileType = file.storyboard; name = Base; path = Base.lproj/Main.storyboard; sourceTree = "<group>"; };
		846F966224295A1600936977 /* Assets.xcassets */ = {isa = PBXFileReference; lastKnownFileType = folder.assetcatalog; path = Assets.xcassets; sourceTree = "<group>"; };
		846F966524295A1600936977 /* Base */ = {isa = PBXFileReference; lastKnownFileType = file.storyboard; name = Base; path = Base.lproj/LaunchScreen.storyboard; sourceTree = "<group>"; };
		846F966724295A1600936977 /* Info.plist */ = {isa = PBXFileReference; lastKnownFileType = text.plist.xml; path = Info.plist; sourceTree = "<group>"; };
		8471AB35242D5645000AE9E2 /* RegistrationService.swift */ = {isa = PBXFileReference; lastKnownFileType = sourcecode.swift; path = RegistrationService.swift; sourceTree = "<group>"; };
		84BA2CFE24353CD100823625 /* TabBarController.swift */ = {isa = PBXFileReference; lastKnownFileType = sourcecode.swift; path = TabBarController.swift; sourceTree = "<group>"; };
		84EBE08C243686FA0008369A /* AlertController.swift */ = {isa = PBXFileReference; lastKnownFileType = sourcecode.swift; path = AlertController.swift; sourceTree = "<group>"; };
		84EBE08D243686FA0008369A /* AlertController.xib */ = {isa = PBXFileReference; lastKnownFileType = file.xib; path = AlertController.xib; sourceTree = "<group>"; };
		84F34165242A9DD700B1B50E /* Avenir Next.ttc */ = {isa = PBXFileReference; lastKnownFileType = file; path = "Avenir Next.ttc"; sourceTree = "<group>"; };
		84F3416B242AAD3000B1B50E /* Utils.swift */ = {isa = PBXFileReference; lastKnownFileType = sourcecode.swift; path = Utils.swift; sourceTree = "<group>"; };
		84F3416D242AAD4400B1B50E /* Konstans.swift */ = {isa = PBXFileReference; lastKnownFileType = sourcecode.swift; path = Konstans.swift; sourceTree = "<group>"; };
		84F3416F242AB19500B1B50E /* RegistrationController.swift */ = {isa = PBXFileReference; lastKnownFileType = sourcecode.swift; path = RegistrationController.swift; sourceTree = "<group>"; };
		84F34171242AB87400B1B50E /* Reachability.swift */ = {isa = PBXFileReference; lastKnownFileType = sourcecode.swift; path = Reachability.swift; sourceTree = "<group>"; };
		9611FC7A48590CE92B946092 /* Pods-MparkMobilParkolas_IOS.debug.xcconfig */ = {isa = PBXFileReference; includeInIndex = 1; lastKnownFileType = text.xcconfig; name = "Pods-MparkMobilParkolas_IOS.debug.xcconfig"; path = "Target Support Files/Pods-MparkMobilParkolas_IOS/Pods-MparkMobilParkolas_IOS.debug.xcconfig"; sourceTree = "<group>"; };
		BD8D2294D42352B32945A8F6 /* Pods-MparkMobilParkolas_IOS.release.xcconfig */ = {isa = PBXFileReference; includeInIndex = 1; lastKnownFileType = text.xcconfig; name = "Pods-MparkMobilParkolas_IOS.release.xcconfig"; path = "Target Support Files/Pods-MparkMobilParkolas_IOS/Pods-MparkMobilParkolas_IOS.release.xcconfig"; sourceTree = "<group>"; };
		FA800EB84B306F10D0983964 /* Pods_MparkMobilParkolas_IOS.framework */ = {isa = PBXFileReference; explicitFileType = wrapper.framework; includeInIndex = 0; path = Pods_MparkMobilParkolas_IOS.framework; sourceTree = BUILT_PRODUCTS_DIR; };
/* End PBXFileReference section */

/* Begin PBXFrameworksBuildPhase section */
		846F965324295A1500936977 /* Frameworks */ = {
			isa = PBXFrameworksBuildPhase;
			buildActionMask = 2147483647;
			files = (
				39BFEBADDCE709C40BAED61E /* Pods_MparkMobilParkolas_IOS.framework in Frameworks */,
			);
			runOnlyForDeploymentPostprocessing = 0;
		};
/* End PBXFrameworksBuildPhase section */

/* Begin PBXGroup section */
		843652D9242EB6D8003D48EC /* Model */ = {
			isa = PBXGroup;
			children = (
				843652DA242EB6EE003D48EC /* RegistrationResponse.swift */,
			);
			path = Model;
			sourceTree = "<group>";
		};
		846F964D24295A1500936977 = {
			isa = PBXGroup;
			children = (
				846F965824295A1500936977 /* MparkMobilParkolas_IOS */,
				846F965724295A1500936977 /* Products */,
				D84D0FF6D6833C5C2FD81D49 /* Pods */,
				8989CBAECEF08C30C1C3E7B7 /* Frameworks */,
			);
			sourceTree = "<group>";
		};
		846F965724295A1500936977 /* Products */ = {
			isa = PBXGroup;
			children = (
				846F965624295A1500936977 /* MparkMobilParkolas_IOS.app */,
			);
			name = Products;
			sourceTree = "<group>";
		};
		846F965824295A1500936977 /* MparkMobilParkolas_IOS */ = {
			isa = PBXGroup;
			children = (
				843652D9242EB6D8003D48EC /* Model */,
				84F3416A242AACD500B1B50E /* Utils */,
				84F34169242AACC600B1B50E /* Service */,
				84F34168242AACB700B1B50E /* Controller */,
				84F34167242AACAA00B1B50E /* View */,
				84F34164242A9D6900B1B50E /* Fonts */,
				846F965924295A1500936977 /* AppDelegate.swift */,
				846F965B24295A1500936977 /* SceneDelegate.swift */,
				846F966224295A1600936977 /* Assets.xcassets */,
				846F966424295A1600936977 /* LaunchScreen.storyboard */,
				846F966724295A1600936977 /* Info.plist */,
				84F34171242AB87400B1B50E /* Reachability.swift */,
			);
			path = MparkMobilParkolas_IOS;
			sourceTree = "<group>";
		};
		84F34164242A9D6900B1B50E /* Fonts */ = {
			isa = PBXGroup;
			children = (
				84F34165242A9DD700B1B50E /* Avenir Next.ttc */,
			);
			path = Fonts;
			sourceTree = "<group>";
		};
		84F34167242AACAA00B1B50E /* View */ = {
			isa = PBXGroup;
			children = (
				846F965F24295A1500936977 /* Main.storyboard */,
			);
			path = View;
			sourceTree = "<group>";
		};
		84F34168242AACB700B1B50E /* Controller */ = {
			isa = PBXGroup;
			children = (
				84BA2CFE24353CD100823625 /* TabBarController.swift */,
				846F965D24295A1500936977 /* ViewController.swift */,
				84F3416F242AB19500B1B50E /* RegistrationController.swift */,
				845B10CD2433E2FD0041B1F9 /* ParkingController.swift */,
			);
			path = Controller;
			sourceTree = "<group>";
		};
		84F34169242AACC600B1B50E /* Service */ = {
			isa = PBXGroup;
			children = (
				8471AB35242D5645000AE9E2 /* RegistrationService.swift */,
				845B10CF2433E3200041B1F9 /* ParkingService.swift */,
			);
			path = Service;
			sourceTree = "<group>";
		};
		84F3416A242AACD500B1B50E /* Utils */ = {
			isa = PBXGroup;
			children = (
				84F3416B242AAD3000B1B50E /* Utils.swift */,
				84F3416D242AAD4400B1B50E /* Konstans.swift */,
				84EBE08C243686FA0008369A /* AlertController.swift */,
				84EBE08D243686FA0008369A /* AlertController.xib */,
			);
			path = Utils;
			sourceTree = "<group>";
		};
		8989CBAECEF08C30C1C3E7B7 /* Frameworks */ = {
			isa = PBXGroup;
			children = (
				FA800EB84B306F10D0983964 /* Pods_MparkMobilParkolas_IOS.framework */,
			);
			name = Frameworks;
			sourceTree = "<group>";
		};
		D84D0FF6D6833C5C2FD81D49 /* Pods */ = {
			isa = PBXGroup;
			children = (
				9611FC7A48590CE92B946092 /* Pods-MparkMobilParkolas_IOS.debug.xcconfig */,
				BD8D2294D42352B32945A8F6 /* Pods-MparkMobilParkolas_IOS.release.xcconfig */,
			);
			path = Pods;
			sourceTree = "<group>";
		};
/* End PBXGroup section */

/* Begin PBXNativeTarget section */
		846F965524295A1500936977 /* MparkMobilParkolas_IOS */ = {
			isa = PBXNativeTarget;
			buildConfigurationList = 846F966A24295A1600936977 /* Build configuration list for PBXNativeTarget "MparkMobilParkolas_IOS" */;
			buildPhases = (
				53271CF0130F49F4C415E4A2 /* [CP] Check Pods Manifest.lock */,
				846F965224295A1500936977 /* Sources */,
				846F965324295A1500936977 /* Frameworks */,
				846F965424295A1500936977 /* Resources */,
				05770AAA0AD05CDF0E356077 /* [CP] Embed Pods Frameworks */,
			);
			buildRules = (
			);
			dependencies = (
			);
			name = MparkMobilParkolas_IOS;
			productName = MparkMobilParkolas_IOS;
			productReference = 846F965624295A1500936977 /* MparkMobilParkolas_IOS.app */;
			productType = "com.apple.product-type.application";
		};
/* End PBXNativeTarget section */

/* Begin PBXProject section */
		846F964E24295A1500936977 /* Project object */ = {
			isa = PBXProject;
			attributes = {
				LastSwiftUpdateCheck = 1130;
				LastUpgradeCheck = 1130;
				ORGANIZATIONNAME = BJ;
				TargetAttributes = {
					846F965524295A1500936977 = {
						CreatedOnToolsVersion = 11.3.1;
					};
				};
			};
			buildConfigurationList = 846F965124295A1500936977 /* Build configuration list for PBXProject "MparkMobilParkolas_IOS" */;
			compatibilityVersion = "Xcode 9.3";
			developmentRegion = en;
			hasScannedForEncodings = 0;
			knownRegions = (
				en,
				Base,
			);
			mainGroup = 846F964D24295A1500936977;
			productRefGroup = 846F965724295A1500936977 /* Products */;
			projectDirPath = "";
			projectRoot = "";
			targets = (
				846F965524295A1500936977 /* MparkMobilParkolas_IOS */,
			);
		};
/* End PBXProject section */

/* Begin PBXResourcesBuildPhase section */
		846F965424295A1500936977 /* Resources */ = {
			isa = PBXResourcesBuildPhase;
			buildActionMask = 2147483647;
			files = (
				84F34166242A9E4200B1B50E /* Avenir Next.ttc in Resources */,
				84EBE08F243686FA0008369A /* AlertController.xib in Resources */,
				846F966624295A1600936977 /* LaunchScreen.storyboard in Resources */,
				846F966324295A1600936977 /* Assets.xcassets in Resources */,
				846F966124295A1500936977 /* Main.storyboard in Resources */,
			);
			runOnlyForDeploymentPostprocessing = 0;
		};
/* End PBXResourcesBuildPhase section */

/* Begin PBXShellScriptBuildPhase section */
		05770AAA0AD05CDF0E356077 /* [CP] Embed Pods Frameworks */ = {
			isa = PBXShellScriptBuildPhase;
			buildActionMask = 2147483647;
			files = (
			);
			inputFileListPaths = (
				"${PODS_ROOT}/Target Support Files/Pods-MparkMobilParkolas_IOS/Pods-MparkMobilParkolas_IOS-frameworks-${CONFIGURATION}-input-files.xcfilelist",
			);
			name = "[CP] Embed Pods Frameworks";
			outputFileListPaths = (
				"${PODS_ROOT}/Target Support Files/Pods-MparkMobilParkolas_IOS/Pods-MparkMobilParkolas_IOS-frameworks-${CONFIGURATION}-output-files.xcfilelist",
			);
			runOnlyForDeploymentPostprocessing = 0;
			shellPath = /bin/sh;
			shellScript = "\"${PODS_ROOT}/Target Support Files/Pods-MparkMobilParkolas_IOS/Pods-MparkMobilParkolas_IOS-frameworks.sh\"\n";
			showEnvVarsInLog = 0;
		};
		53271CF0130F49F4C415E4A2 /* [CP] Check Pods Manifest.lock */ = {
			isa = PBXShellScriptBuildPhase;
			buildActionMask = 2147483647;
			files = (
			);
			inputFileListPaths = (
			);
			inputPaths = (
				"${PODS_PODFILE_DIR_PATH}/Podfile.lock",
				"${PODS_ROOT}/Manifest.lock",
			);
			name = "[CP] Check Pods Manifest.lock";
			outputFileListPaths = (
			);
			outputPaths = (
				"$(DERIVED_FILE_DIR)/Pods-MparkMobilParkolas_IOS-checkManifestLockResult.txt",
			);
			runOnlyForDeploymentPostprocessing = 0;
			shellPath = /bin/sh;
			shellScript = "diff \"${PODS_PODFILE_DIR_PATH}/Podfile.lock\" \"${PODS_ROOT}/Manifest.lock\" > /dev/null\nif [ $? != 0 ] ; then\n    # print error to STDERR\n    echo \"error: The sandbox is not in sync with the Podfile.lock. Run 'pod install' or update your CocoaPods installation.\" >&2\n    exit 1\nfi\n# This output is used by Xcode 'outputs' to avoid re-running this script phase.\necho \"SUCCESS\" > \"${SCRIPT_OUTPUT_FILE_0}\"\n";
			showEnvVarsInLog = 0;
		};
/* End PBXShellScriptBuildPhase section */

/* Begin PBXSourcesBuildPhase section */
		846F965224295A1500936977 /* Sources */ = {
			isa = PBXSourcesBuildPhase;
			buildActionMask = 2147483647;
			files = (
				84EBE08E243686FA0008369A /* AlertController.swift in Sources */,
				845B10D02433E3200041B1F9 /* ParkingService.swift in Sources */,
				8471AB36242D5645000AE9E2 /* RegistrationService.swift in Sources */,
				84F34172242AB87400B1B50E /* Reachability.swift in Sources */,
				84F3416E242AAD4400B1B50E /* Konstans.swift in Sources */,
				843652DB242EB6EE003D48EC /* RegistrationResponse.swift in Sources */,
				846F965E24295A1500936977 /* ViewController.swift in Sources */,
				846F965A24295A1500936977 /* AppDelegate.swift in Sources */,
				846F965C24295A1500936977 /* SceneDelegate.swift in Sources */,
				84F34170242AB19500B1B50E /* RegistrationController.swift in Sources */,
				84BA2CFF24353CD100823625 /* TabBarController.swift in Sources */,
				845B10CE2433E2FD0041B1F9 /* ParkingController.swift in Sources */,
				84F3416C242AAD3000B1B50E /* Utils.swift in Sources */,
			);
			runOnlyForDeploymentPostprocessing = 0;
		};
/* End PBXSourcesBuildPhase section */

/* Begin PBXVariantGroup section */
		846F965F24295A1500936977 /* Main.storyboard */ = {
			isa = PBXVariantGroup;
			children = (
				846F966024295A1500936977 /* Base */,
			);
			name = Main.storyboard;
			sourceTree = "<group>";
		};
		846F966424295A1600936977 /* LaunchScreen.storyboard */ = {
			isa = PBXVariantGroup;
			children = (
				846F966524295A1600936977 /* Base */,
			);
			name = LaunchScreen.storyboard;
			sourceTree = "<group>";
		};
/* End PBXVariantGroup section */

/* Begin XCBuildConfiguration section */
		846F966824295A1600936977 /* Debug */ = {
			isa = XCBuildConfiguration;
			buildSettings = {
				ALWAYS_SEARCH_USER_PATHS = NO;
				CLANG_ANALYZER_NONNULL = YES;
				CLANG_ANALYZER_NUMBER_OBJECT_CONVERSION = YES_AGGRESSIVE;
				CLANG_CXX_LANGUAGE_STANDARD = "gnu++14";
				CLANG_CXX_LIBRARY = "libc++";
				CLANG_ENABLE_MODULES = YES;
				CLANG_ENABLE_OBJC_ARC = YES;
				CLANG_ENABLE_OBJC_WEAK = YES;
				CLANG_WARN_BLOCK_CAPTURE_AUTORELEASING = YES;
				CLANG_WARN_BOOL_CONVERSION = YES;
				CLANG_WARN_COMMA = YES;
				CLANG_WARN_CONSTANT_CONVERSION = YES;
				CLANG_WARN_DEPRECATED_OBJC_IMPLEMENTATIONS = YES;
				CLANG_WARN_DIRECT_OBJC_ISA_USAGE = YES_ERROR;
				CLANG_WARN_DOCUMENTATION_COMMENTS = YES;
				CLANG_WARN_EMPTY_BODY = YES;
				CLANG_WARN_ENUM_CONVERSION = YES;
				CLANG_WARN_INFINITE_RECURSION = YES;
				CLANG_WARN_INT_CONVERSION = YES;
				CLANG_WARN_NON_LITERAL_NULL_CONVERSION = YES;
				CLANG_WARN_OBJC_IMPLICIT_RETAIN_SELF = YES;
				CLANG_WARN_OBJC_LITERAL_CONVERSION = YES;
				CLANG_WARN_OBJC_ROOT_CLASS = YES_ERROR;
				CLANG_WARN_RANGE_LOOP_ANALYSIS = YES;
				CLANG_WARN_STRICT_PROTOTYPES = YES;
				CLANG_WARN_SUSPICIOUS_MOVE = YES;
				CLANG_WARN_UNGUARDED_AVAILABILITY = YES_AGGRESSIVE;
				CLANG_WARN_UNREACHABLE_CODE = YES;
				CLANG_WARN__DUPLICATE_METHOD_MATCH = YES;
				COPY_PHASE_STRIP = NO;
				DEBUG_INFORMATION_FORMAT = dwarf;
				ENABLE_STRICT_OBJC_MSGSEND = YES;
				ENABLE_TESTABILITY = YES;
				GCC_C_LANGUAGE_STANDARD = gnu11;
				GCC_DYNAMIC_NO_PIC = NO;
				GCC_NO_COMMON_BLOCKS = YES;
				GCC_OPTIMIZATION_LEVEL = 0;
				GCC_PREPROCESSOR_DEFINITIONS = (
					"DEBUG=1",
					"$(inherited)",
				);
				GCC_WARN_64_TO_32_BIT_CONVERSION = YES;
				GCC_WARN_ABOUT_RETURN_TYPE = YES_ERROR;
				GCC_WARN_UNDECLARED_SELECTOR = YES;
				GCC_WARN_UNINITIALIZED_AUTOS = YES_AGGRESSIVE;
				GCC_WARN_UNUSED_FUNCTION = YES;
				GCC_WARN_UNUSED_VARIABLE = YES;
				IPHONEOS_DEPLOYMENT_TARGET = 13.2;
				MTL_ENABLE_DEBUG_INFO = INCLUDE_SOURCE;
				MTL_FAST_MATH = YES;
				ONLY_ACTIVE_ARCH = YES;
				SDKROOT = iphoneos;
				SWIFT_ACTIVE_COMPILATION_CONDITIONS = DEBUG;
				SWIFT_OPTIMIZATION_LEVEL = "-Onone";
			};
			name = Debug;
		};
		846F966924295A1600936977 /* Release */ = {
			isa = XCBuildConfiguration;
			buildSettings = {
				ALWAYS_SEARCH_USER_PATHS = NO;
				CLANG_ANALYZER_NONNULL = YES;
				CLANG_ANALYZER_NUMBER_OBJECT_CONVERSION = YES_AGGRESSIVE;
				CLANG_CXX_LANGUAGE_STANDARD = "gnu++14";
				CLANG_CXX_LIBRARY = "libc++";
				CLANG_ENABLE_MODULES = YES;
				CLANG_ENABLE_OBJC_ARC = YES;
				CLANG_ENABLE_OBJC_WEAK = YES;
				CLANG_WARN_BLOCK_CAPTURE_AUTORELEASING = YES;
				CLANG_WARN_BOOL_CONVERSION = YES;
				CLANG_WARN_COMMA = YES;
				CLANG_WARN_CONSTANT_CONVERSION = YES;
				CLANG_WARN_DEPRECATED_OBJC_IMPLEMENTATIONS = YES;
				CLANG_WARN_DIRECT_OBJC_ISA_USAGE = YES_ERROR;
				CLANG_WARN_DOCUMENTATION_COMMENTS = YES;
				CLANG_WARN_EMPTY_BODY = YES;
				CLANG_WARN_ENUM_CONVERSION = YES;
				CLANG_WARN_INFINITE_RECURSION = YES;
				CLANG_WARN_INT_CONVERSION = YES;
				CLANG_WARN_NON_LITERAL_NULL_CONVERSION = YES;
				CLANG_WARN_OBJC_IMPLICIT_RETAIN_SELF = YES;
				CLANG_WARN_OBJC_LITERAL_CONVERSION = YES;
				CLANG_WARN_OBJC_ROOT_CLASS = YES_ERROR;
				CLANG_WARN_RANGE_LOOP_ANALYSIS = YES;
				CLANG_WARN_STRICT_PROTOTYPES = YES;
				CLANG_WARN_SUSPICIOUS_MOVE = YES;
				CLANG_WARN_UNGUARDED_AVAILABILITY = YES_AGGRESSIVE;
				CLANG_WARN_UNREACHABLE_CODE = YES;
				CLANG_WARN__DUPLICATE_METHOD_MATCH = YES;
				COPY_PHASE_STRIP = NO;
				DEBUG_INFORMATION_FORMAT = "dwarf-with-dsym";
				ENABLE_NS_ASSERTIONS = NO;
				ENABLE_STRICT_OBJC_MSGSEND = YES;
				GCC_C_LANGUAGE_STANDARD = gnu11;
				GCC_NO_COMMON_BLOCKS = YES;
				GCC_WARN_64_TO_32_BIT_CONVERSION = YES;
				GCC_WARN_ABOUT_RETURN_TYPE = YES_ERROR;
				GCC_WARN_UNDECLARED_SELECTOR = YES;
				GCC_WARN_UNINITIALIZED_AUTOS = YES_AGGRESSIVE;
				GCC_WARN_UNUSED_FUNCTION = YES;
				GCC_WARN_UNUSED_VARIABLE = YES;
				IPHONEOS_DEPLOYMENT_TARGET = 13.2;
				MTL_ENABLE_DEBUG_INFO = NO;
				MTL_FAST_MATH = YES;
				SDKROOT = iphoneos;
				SWIFT_COMPILATION_MODE = wholemodule;
				SWIFT_OPTIMIZATION_LEVEL = "-O";
				VALIDATE_PRODUCT = YES;
			};
			name = Release;
		};
		846F966B24295A1600936977 /* Debug */ = {
			isa = XCBuildConfiguration;
			baseConfigurationReference = 9611FC7A48590CE92B946092 /* Pods-MparkMobilParkolas_IOS.debug.xcconfig */;
			buildSettings = {
				ASSETCATALOG_COMPILER_APPICON_NAME = AppIcon;
				CODE_SIGN_STYLE = Automatic;
				DEVELOPMENT_TEAM = 9FSRUA6647;
				INFOPLIST_FILE = MparkMobilParkolas_IOS/Info.plist;
				LD_RUNPATH_SEARCH_PATHS = (
					"$(inherited)",
					"@executable_path/Frameworks",
				);
				PRODUCT_BUNDLE_IDENTIFIER = "hu.econsultkft.MparkMobilParkolas-IOS";
				PRODUCT_NAME = "$(TARGET_NAME)";
				SWIFT_VERSION = 5.0;
				TARGETED_DEVICE_FAMILY = "1,2";
			};
			name = Debug;
		};
		846F966C24295A1600936977 /* Release */ = {
			isa = XCBuildConfiguration;
			baseConfigurationReference = BD8D2294D42352B32945A8F6 /* Pods-MparkMobilParkolas_IOS.release.xcconfig */;
			buildSettings = {
				ASSETCATALOG_COMPILER_APPICON_NAME = AppIcon;
				CODE_SIGN_STYLE = Automatic;
				DEVELOPMENT_TEAM = 9FSRUA6647;
				INFOPLIST_FILE = MparkMobilParkolas_IOS/Info.plist;
				LD_RUNPATH_SEARCH_PATHS = (
					"$(inherited)",
					"@executable_path/Frameworks",
				);
				PRODUCT_BUNDLE_IDENTIFIER = "hu.econsultkft.MparkMobilParkolas-IOS";
				PRODUCT_NAME = "$(TARGET_NAME)";
				SWIFT_VERSION = 5.0;
				TARGETED_DEVICE_FAMILY = "1,2";
			};
			name = Release;
		};
/* End XCBuildConfiguration section */

/* Begin XCConfigurationList section */
		846F965124295A1500936977 /* Build configuration list for PBXProject "MparkMobilParkolas_IOS" */ = {
			isa = XCConfigurationList;
			buildConfigurations = (
				846F966824295A1600936977 /* Debug */,
				846F966924295A1600936977 /* Release */,
			);
			defaultConfigurationIsVisible = 0;
			defaultConfigurationName = Release;
		};
		846F966A24295A1600936977 /* Build configuration list for PBXNativeTarget "MparkMobilParkolas_IOS" */ = {
			isa = XCConfigurationList;
			buildConfigurations = (
				846F966B24295A1600936977 /* Debug */,
				846F966C24295A1600936977 /* Release */,
			);
			defaultConfigurationIsVisible = 0;
			defaultConfigurationName = Release;
		};
/* End XCConfigurationList section */
	};
	rootObject = 846F964E24295A1500936977 /* Project object */;
}
